
Microsoft Visual Studio Solution File, Format Version 12.00
# Visual Studio Version 16
VisualStudioVersion = 16.0.30011.22
MinimumVisualStudioVersion = 10.0.40219.1
Project("{9A19103F-16F7-4668-BE54-9A1E7A4F7556}") = "BarcodeGenerator", "BarcodeGenerator\BarcodeGenerator.csproj", "{7142F74A-7079-45CD-8350-B86D76153D7E}"
EndProject
Project("{FAE04EC0-301F-11D3-BF4B-00C04F79EFBC}") = "BarcodeGenerator.WPF", "BarcodeGenerator.WPF\BarcodeGenerator.WPF.csproj", "{9B03A6E5-5871-456A-8531-541FB767CA96}"
EndProject
Global
	GlobalSection(SolutionConfigurationPlatforms) = preSolution
		Debug|Any CPU = Debug|Any CPU
		Release|Any CPU = Release|Any CPU
	EndGlobalSection
	GlobalSection(ProjectConfigurationPlatforms) = postSolution
		{7142F74A-7079-45CD-8350-B86D76153D7E}.Debug|Any CPU.ActiveCfg = Debug|Any CPU
		{7142F74A-7079-45CD-8350-B86D76153D7E}.Debug|Any CPU.Build.0 = Debug|Any CPU
		{7142F74A-7079-45CD-8350-B86D76153D7E}.Release|Any CPU.ActiveCfg = Release|Any CPU
		{7142F74A-7079-45CD-8350-B86D76153D7E}.Release|Any CPU.Build.0 = Release|Any CPU
		{9B03A6E5-5871-456A-8531-541FB767CA96}.Debug|Any CPU.ActiveCfg = Debug|Any CPU
		{9B03A6E5-5871-456A-8531-541FB767CA96}.Debug|Any CPU.Build.0 = Debug|Any CPU
		{9B03A6E5-5871-456A-8531-541FB767CA96}.Release|Any CPU.ActiveCfg = Release|Any CPU
		{9B03A6E5-5871-456A-8531-541FB767CA96}.Release|Any CPU.Build.0 = Release|Any CPU
	EndGlobalSection
	GlobalSection(SolutionProperties) = preSolution
		HideSolutionNode = FALSE
	EndGlobalSection
	GlobalSection(ExtensibilityGlobals) = postSolution
		SolutionGuid = {7AAA6ED9-7BBE-4431-A449-AA8934D3724C}
	EndGlobalSection
EndGlobal
